
Microsoft Visual Studio Solution File, Format Version 12.00
# Visual Studio 15
VisualStudioVersion = 15.0.28010.2050
MinimumVisualStudioVersion = 10.0.40219.1
Project("{2150E333-8FDC-42A3-9474-1A3956D46DE8}") = "Solution Items", "Solution Items", "{DADDC23A-52D6-4839-BC91-07D30AA056E3}"
	ProjectSection(SolutionItems) = preProject
		readme.md = readme.md
	EndProjectSection
EndProject
Project("{2150E333-8FDC-42A3-9474-1A3956D46DE8}") = "StringBasics", "StringBasics", "{15632104-D058-4B44-920A-7EE53A63BAD7}"
EndProject
Project("{FAE04EC0-301F-11D3-BF4B-00C04F79EFBC}") = "WorkingWithStrings_1", "WorkingWithStrings_1\WorkingWithStrings_1.csproj", "{8148F962-6AC5-4C6F-9F4C-C76ECFE0DC17}"
EndProject
Project("{2150E333-8FDC-42A3-9474-1A3956D46DE8}") = "NumericBasics", "NumericBasics", "{98728321-3898-49E3-9FB0-8CD95A969C93}"
EndProject
Project("{2150E333-8FDC-42A3-9474-1A3956D46DE8}") = "Documentation", "Documentation", "{D11619EC-E4BE-44A6-88C2-DB2AA8EB3668}"
	ProjectSection(SolutionItems) = preProject
		LessonsDocumentation\StringType\Strings.md = LessonsDocumentation\StringType\Strings.md
	EndProjectSection
EndProject
Project("{2150E333-8FDC-42A3-9474-1A3956D46DE8}") = "VisualStudioDocumentation", "VisualStudioDocumentation", "{C083E90C-A69D-4A80-96B0-AAE3E1A8EF06}"
	ProjectSection(SolutionItems) = preProject
		VisualStudio\VisualStudioShortcuts.md = VisualStudio\VisualStudioShortcuts.md
	EndProjectSection
EndProject
Project("{FAE04EC0-301F-11D3-BF4B-00C04F79EFBC}") = "TeamLibrary", "TeamLibrary\TeamLibrary.csproj", "{C5B92CBF-BF6C-4626-9042-C6B15BC9EA81}"
EndProject
Project("{2150E333-8FDC-42A3-9474-1A3956D46DE8}") = "Classes", "Classes", "{B457C108-EB01-4076-97D4-3FCC831EB4EC}"
EndProject
Project("{2150E333-8FDC-42A3-9474-1A3956D46DE8}") = "Testing", "Testing", "{E212D1A9-CA3B-4357-8BE0-ACEC043BB1ED}"
EndProject
Project("{FAE04EC0-301F-11D3-BF4B-00C04F79EFBC}") = "VariousTest", "VariousTest\VariousTest.csproj", "{02808DB9-2F68-423F-915D-AE7A8250293C}"
EndProject
Project("{FAE04EC0-301F-11D3-BF4B-00C04F79EFBC}") = "NorthWindEntityLibrary", "NorthWindEntityLibrary\NorthWindEntityLibrary.csproj", "{6B9ADC5F-EF69-4ACC-8C1A-0106F652FD14}"
EndProject
Project("{FAE04EC0-301F-11D3-BF4B-00C04F79EFBC}") = "SharedLibrary", "SharedLibrary\SharedLibrary.csproj", "{314364C8-C7F9-401A-8F7E-79B65631BB50}"
EndProject
Project("{F184B08F-C81C-45F6-A57F-5ABD9991F28F}") = "QueryLibrary", "QueryLibrary\QueryLibrary.vbproj", "{AFAC3BE5-4792-481F-93FD-5603B77FA17E}"
EndProject
Global
	GlobalSection(SolutionConfigurationPlatforms) = preSolution
		Debug|Any CPU = Debug|Any CPU
		Release|Any CPU = Release|Any CPU
	EndGlobalSection
	GlobalSection(ProjectConfigurationPlatforms) = postSolution
		{8148F962-6AC5-4C6F-9F4C-C76ECFE0DC17}.Debug|Any CPU.ActiveCfg = Debug|Any CPU
		{8148F962-6AC5-4C6F-9F4C-C76ECFE0DC17}.Debug|Any CPU.Build.0 = Debug|Any CPU
		{8148F962-6AC5-4C6F-9F4C-C76ECFE0DC17}.Release|Any CPU.ActiveCfg = Release|Any CPU
		{8148F962-6AC5-4C6F-9F4C-C76ECFE0DC17}.Release|Any CPU.Build.0 = Release|Any CPU
		{C5B92CBF-BF6C-4626-9042-C6B15BC9EA81}.Debug|Any CPU.ActiveCfg = Debug|Any CPU
		{C5B92CBF-BF6C-4626-9042-C6B15BC9EA81}.Debug|Any CPU.Build.0 = Debug|Any CPU
		{C5B92CBF-BF6C-4626-9042-C6B15BC9EA81}.Release|Any CPU.ActiveCfg = Release|Any CPU
		{C5B92CBF-BF6C-4626-9042-C6B15BC9EA81}.Release|Any CPU.Build.0 = Release|Any CPU
		{02808DB9-2F68-423F-915D-AE7A8250293C}.Debug|Any CPU.ActiveCfg = Debug|Any CPU
		{02808DB9-2F68-423F-915D-AE7A8250293C}.Debug|Any CPU.Build.0 = Debug|Any CPU
		{02808DB9-2F68-423F-915D-AE7A8250293C}.Release|Any CPU.ActiveCfg = Release|Any CPU
		{02808DB9-2F68-423F-915D-AE7A8250293C}.Release|Any CPU.Build.0 = Release|Any CPU
		{6B9ADC5F-EF69-4ACC-8C1A-0106F652FD14}.Debug|Any CPU.ActiveCfg = Debug|Any CPU
		{6B9ADC5F-EF69-4ACC-8C1A-0106F652FD14}.Debug|Any CPU.Build.0 = Debug|Any CPU
		{6B9ADC5F-EF69-4ACC-8C1A-0106F652FD14}.Release|Any CPU.ActiveCfg = Release|Any CPU
		{6B9ADC5F-EF69-4ACC-8C1A-0106F652FD14}.Release|Any CPU.Build.0 = Release|Any CPU
		{314364C8-C7F9-401A-8F7E-79B65631BB50}.Debug|Any CPU.ActiveCfg = Debug|Any CPU
		{314364C8-C7F9-401A-8F7E-79B65631BB50}.Debug|Any CPU.Build.0 = Debug|Any CPU
		{314364C8-C7F9-401A-8F7E-79B65631BB50}.Release|Any CPU.ActiveCfg = Release|Any CPU
		{314364C8-C7F9-401A-8F7E-79B65631BB50}.Release|Any CPU.Build.0 = Release|Any CPU
		{AFAC3BE5-4792-481F-93FD-5603B77FA17E}.Debug|Any CPU.ActiveCfg = Debug|Any CPU
		{AFAC3BE5-4792-481F-93FD-5603B77FA17E}.Debug|Any CPU.Build.0 = Debug|Any CPU
		{AFAC3BE5-4792-481F-93FD-5603B77FA17E}.Release|Any CPU.ActiveCfg = Release|Any CPU
		{AFAC3BE5-4792-481F-93FD-5603B77FA17E}.Release|Any CPU.Build.0 = Release|Any CPU
	EndGlobalSection
	GlobalSection(SolutionProperties) = preSolution
		HideSolutionNode = FALSE
	EndGlobalSection
	GlobalSection(NestedProjects) = preSolution
		{8148F962-6AC5-4C6F-9F4C-C76ECFE0DC17} = {15632104-D058-4B44-920A-7EE53A63BAD7}
		{C5B92CBF-BF6C-4626-9042-C6B15BC9EA81} = {B457C108-EB01-4076-97D4-3FCC831EB4EC}
		{02808DB9-2F68-423F-915D-AE7A8250293C} = {E212D1A9-CA3B-4357-8BE0-ACEC043BB1ED}
		{6B9ADC5F-EF69-4ACC-8C1A-0106F652FD14} = {B457C108-EB01-4076-97D4-3FCC831EB4EC}
		{314364C8-C7F9-401A-8F7E-79B65631BB50} = {B457C108-EB01-4076-97D4-3FCC831EB4EC}
		{AFAC3BE5-4792-481F-93FD-5603B77FA17E} = {B457C108-EB01-4076-97D4-3FCC831EB4EC}
	EndGlobalSection
	GlobalSection(ExtensibilityGlobals) = postSolution
		SolutionGuid = {AC8F6209-32DD-4423-B30B-B76293B3B0E0}
	EndGlobalSection
EndGlobal
