
Microsoft Visual Studio Solution File, Format Version 12.00
# Visual Studio 15
VisualStudioVersion = 15.0.28010.2050
MinimumVisualStudioVersion = 10.0.40219.1
Project("{2150E333-8FDC-42A3-9474-1A3956D46DE8}") = "Solution Items", "Solution Items", "{DADDC23A-52D6-4839-BC91-07D30AA056E3}"
	ProjectSection(SolutionItems) = preProject
		readme.md = readme.md
		TestSettings1.testsettings = TestSettings1.testsettings
	EndProjectSection
EndProject
Project("{2150E333-8FDC-42A3-9474-1A3956D46DE8}") = "StringBasics", "StringBasics", "{15632104-D058-4B44-920A-7EE53A63BAD7}"
EndProject
Project("{FAE04EC0-301F-11D3-BF4B-00C04F79EFBC}") = "WorkingWithStrings_1", "WorkingWithStrings_1\WorkingWithStrings_1.csproj", "{8148F962-6AC5-4C6F-9F4C-C76ECFE0DC17}"
EndProject
Project("{2150E333-8FDC-42A3-9474-1A3956D46DE8}") = "NumericBasics", "NumericBasics", "{98728321-3898-49E3-9FB0-8CD95A969C93}"
EndProject
Project("{2150E333-8FDC-42A3-9474-1A3956D46DE8}") = "Documentation", "Documentation", "{D11619EC-E4BE-44A6-88C2-DB2AA8EB3668}"
	ProjectSection(SolutionItems) = preProject
		LessonsDocumentation\StringType\Strings.md = LessonsDocumentation\StringType\Strings.md
	EndProjectSection
EndProject
Project("{2150E333-8FDC-42A3-9474-1A3956D46DE8}") = "VisualStudioDocumentation", "VisualStudioDocumentation", "{C083E90C-A69D-4A80-96B0-AAE3E1A8EF06}"
	ProjectSection(SolutionItems) = preProject
		VisualStudio\VisualStudioShortcuts.md = VisualStudio\VisualStudioShortcuts.md
	EndProjectSection
EndProject
Project("{FAE04EC0-301F-11D3-BF4B-00C04F79EFBC}") = "TeamLibrary", "TeamLibrary\TeamLibrary.csproj", "{C5B92CBF-BF6C-4626-9042-C6B15BC9EA81}"
EndProject
Project("{2150E333-8FDC-42A3-9474-1A3956D46DE8}") = "Classes", "Classes", "{B457C108-EB01-4076-97D4-3FCC831EB4EC}"
EndProject
Project("{2150E333-8FDC-42A3-9474-1A3956D46DE8}") = "Testing", "Testing", "{E212D1A9-CA3B-4357-8BE0-ACEC043BB1ED}"
EndProject
Project("{FAE04EC0-301F-11D3-BF4B-00C04F79EFBC}") = "VariousTest", "VariousTest\VariousTest.csproj", "{02808DB9-2F68-423F-915D-AE7A8250293C}"
EndProject
Project("{FAE04EC0-301F-11D3-BF4B-00C04F79EFBC}") = "NorthWindEntityLibrary", "NorthWindEntityLibrary\NorthWindEntityLibrary.csproj", "{6B9ADC5F-EF69-4ACC-8C1A-0106F652FD14}"
EndProject
Project("{FAE04EC0-301F-11D3-BF4B-00C04F79EFBC}") = "SharedLibrary", "SharedLibrary\SharedLibrary.csproj", "{314364C8-C7F9-401A-8F7E-79B65631BB50}"
EndProject
Project("{F184B08F-C81C-45F6-A57F-5ABD9991F28F}") = "QueryLibrary", "QueryLibrary\QueryLibrary.vbproj", "{AFAC3BE5-4792-481F-93FD-5603B77FA17E}"
EndProject
Project("{FAE04EC0-301F-11D3-BF4B-00C04F79EFBC}") = "OracleDataLibrary", "OracleDataLibrary\OracleDataLibrary.csproj", "{1905D6BA-6DFB-4FFF-8D23-CE79BEC51C06}"
EndProject
Project("{2150E333-8FDC-42A3-9474-1A3956D46DE8}") = "EntityFramework Simple", "EntityFramework Simple", "{AEA66FB8-4142-4D1B-AB3D-2E8E66D8C135}"
EndProject
Project("{FAE04EC0-301F-11D3-BF4B-00C04F79EFBC}") = "SimpleEntityFrameworkExample", "SimpleEntityFrameworkExample\SimpleEntityFrameworkExample.csproj", "{91EF8E55-592D-40EC-889F-36F5C0094376}"
EndProject
Project("{FAE04EC0-301F-11D3-BF4B-00C04F79EFBC}") = "SimpleEntityFrameworkExampleUnitTestProject", "SimpleEntityFrameworkExampleUnitTestProject\SimpleEntityFrameworkExampleUnitTestProject.csproj", "{1255E6CD-68FE-44EF-80D9-D640FDDA754B}"
EndProject
Project("{2150E333-8FDC-42A3-9474-1A3956D46DE8}") = "DbSet Attach", "DbSet Attach", "{BA344D3B-FC8C-4305-AF0E-5F2C4B0E8217}"
EndProject
Project("{FAE04EC0-301F-11D3-BF4B-00C04F79EFBC}") = "EF6DBFirstDemo", "EF6DBFirstDemo\EF6DBFirstDemo.csproj", "{EFB44BF1-7850-44BC-9544-1F47CEDBF7E9}"
EndProject
Project("{2150E333-8FDC-42A3-9474-1A3956D46DE8}") = "ASP.NET Samples", "ASP.NET Samples", "{2C6B8D90-37F3-4E7A-AFAD-58D0A479C96B}"
EndProject
Project("{FAE04EC0-301F-11D3-BF4B-00C04F79EFBC}") = "WebApplication1", "WebApplication1\WebApplication1.csproj", "{BA22EF56-E415-44BF-9D78-6361C2D96DB4}"
EndProject
Project("{2150E333-8FDC-42A3-9474-1A3956D46DE8}") = "Exercises", "Exercises", "{5211AAA3-B96F-4CB1-AE82-8E46965D21BF}"
EndProject
Project("{FAE04EC0-301F-11D3-BF4B-00C04F79EFBC}") = "DataAccessBasics", "DataAccessBasics\DataAccessBasics.csproj", "{9F19ED02-5297-4940-BB37-AAE57C01641E}"
EndProject
Project("{FAE04EC0-301F-11D3-BF4B-00C04F79EFBC}") = "ConvertingStringToNumbers", "ConvertingStringToNumbers\ConvertingStringToNumbers.csproj", "{4BCEDB74-CC19-45FF-B180-6684777DFC47}"
EndProject
Project("{FAE04EC0-301F-11D3-BF4B-00C04F79EFBC}") = "ColdFusionLibrary", "ColdFusionLibrary\ColdFusionLibrary.csproj", "{7D2C8289-8BBD-4F72-8A4F-519754EA87E3}"
EndProject
Project("{2150E333-8FDC-42A3-9474-1A3956D46DE8}") = "EntityFramework - mocked", "EntityFramework - mocked", "{3CA1149D-1A01-462D-AB5E-370FD1D73783}"
EndProject
Project("{FAE04EC0-301F-11D3-BF4B-00C04F79EFBC}") = "EntityEffortExample", "EntityEffortExample\EntityEffortExample.csproj", "{B0F6178E-43CB-4A5A-914D-27DBAC8F8C82}"
EndProject
Project("{2150E333-8FDC-42A3-9474-1A3956D46DE8}") = "LINQ_Lambda", "LINQ_Lambda", "{214C6B38-9302-4777-B30C-F5D2D925FA5A}"
EndProject
Project("{FAE04EC0-301F-11D3-BF4B-00C04F79EFBC}") = "LinqLambdaStaticSamples", "LinqLambdaStaticSamples\LinqLambdaStaticSamples.csproj", "{CEE1AC41-59BA-413B-837D-44AADD397C39}"
EndProject
Project("{FAE04EC0-301F-11D3-BF4B-00C04F79EFBC}") = "LanguageFeatures", "LanguageFeatures\LanguageFeatures.csproj", "{2A610606-7415-4ECB-BBC2-D7A53C7F9359}"
EndProject
Global
	GlobalSection(SolutionConfigurationPlatforms) = preSolution
		Debug|Any CPU = Debug|Any CPU
		Release|Any CPU = Release|Any CPU
	EndGlobalSection
	GlobalSection(ProjectConfigurationPlatforms) = postSolution
		{8148F962-6AC5-4C6F-9F4C-C76ECFE0DC17}.Debug|Any CPU.ActiveCfg = Debug|Any CPU
		{8148F962-6AC5-4C6F-9F4C-C76ECFE0DC17}.Debug|Any CPU.Build.0 = Debug|Any CPU
		{8148F962-6AC5-4C6F-9F4C-C76ECFE0DC17}.Release|Any CPU.ActiveCfg = Release|Any CPU
		{8148F962-6AC5-4C6F-9F4C-C76ECFE0DC17}.Release|Any CPU.Build.0 = Release|Any CPU
		{C5B92CBF-BF6C-4626-9042-C6B15BC9EA81}.Debug|Any CPU.ActiveCfg = Debug|Any CPU
		{C5B92CBF-BF6C-4626-9042-C6B15BC9EA81}.Debug|Any CPU.Build.0 = Debug|Any CPU
		{C5B92CBF-BF6C-4626-9042-C6B15BC9EA81}.Release|Any CPU.ActiveCfg = Release|Any CPU
		{C5B92CBF-BF6C-4626-9042-C6B15BC9EA81}.Release|Any CPU.Build.0 = Release|Any CPU
		{02808DB9-2F68-423F-915D-AE7A8250293C}.Debug|Any CPU.ActiveCfg = Debug|Any CPU
		{02808DB9-2F68-423F-915D-AE7A8250293C}.Debug|Any CPU.Build.0 = Debug|Any CPU
		{02808DB9-2F68-423F-915D-AE7A8250293C}.Release|Any CPU.ActiveCfg = Release|Any CPU
		{02808DB9-2F68-423F-915D-AE7A8250293C}.Release|Any CPU.Build.0 = Release|Any CPU
		{6B9ADC5F-EF69-4ACC-8C1A-0106F652FD14}.Debug|Any CPU.ActiveCfg = Debug|Any CPU
		{6B9ADC5F-EF69-4ACC-8C1A-0106F652FD14}.Debug|Any CPU.Build.0 = Debug|Any CPU
		{6B9ADC5F-EF69-4ACC-8C1A-0106F652FD14}.Release|Any CPU.ActiveCfg = Release|Any CPU
		{6B9ADC5F-EF69-4ACC-8C1A-0106F652FD14}.Release|Any CPU.Build.0 = Release|Any CPU
		{314364C8-C7F9-401A-8F7E-79B65631BB50}.Debug|Any CPU.ActiveCfg = Debug|Any CPU
		{314364C8-C7F9-401A-8F7E-79B65631BB50}.Debug|Any CPU.Build.0 = Debug|Any CPU
		{314364C8-C7F9-401A-8F7E-79B65631BB50}.Release|Any CPU.ActiveCfg = Release|Any CPU
		{314364C8-C7F9-401A-8F7E-79B65631BB50}.Release|Any CPU.Build.0 = Release|Any CPU
		{AFAC3BE5-4792-481F-93FD-5603B77FA17E}.Debug|Any CPU.ActiveCfg = Debug|Any CPU
		{AFAC3BE5-4792-481F-93FD-5603B77FA17E}.Debug|Any CPU.Build.0 = Debug|Any CPU
		{AFAC3BE5-4792-481F-93FD-5603B77FA17E}.Release|Any CPU.ActiveCfg = Release|Any CPU
		{AFAC3BE5-4792-481F-93FD-5603B77FA17E}.Release|Any CPU.Build.0 = Release|Any CPU
		{1905D6BA-6DFB-4FFF-8D23-CE79BEC51C06}.Debug|Any CPU.ActiveCfg = Debug|Any CPU
		{1905D6BA-6DFB-4FFF-8D23-CE79BEC51C06}.Debug|Any CPU.Build.0 = Debug|Any CPU
		{1905D6BA-6DFB-4FFF-8D23-CE79BEC51C06}.Release|Any CPU.ActiveCfg = Release|Any CPU
		{1905D6BA-6DFB-4FFF-8D23-CE79BEC51C06}.Release|Any CPU.Build.0 = Release|Any CPU
		{91EF8E55-592D-40EC-889F-36F5C0094376}.Debug|Any CPU.ActiveCfg = Debug|Any CPU
		{91EF8E55-592D-40EC-889F-36F5C0094376}.Debug|Any CPU.Build.0 = Debug|Any CPU
		{91EF8E55-592D-40EC-889F-36F5C0094376}.Release|Any CPU.ActiveCfg = Release|Any CPU
		{91EF8E55-592D-40EC-889F-36F5C0094376}.Release|Any CPU.Build.0 = Release|Any CPU
		{1255E6CD-68FE-44EF-80D9-D640FDDA754B}.Debug|Any CPU.ActiveCfg = Debug|Any CPU
		{1255E6CD-68FE-44EF-80D9-D640FDDA754B}.Debug|Any CPU.Build.0 = Debug|Any CPU
		{1255E6CD-68FE-44EF-80D9-D640FDDA754B}.Release|Any CPU.ActiveCfg = Release|Any CPU
		{1255E6CD-68FE-44EF-80D9-D640FDDA754B}.Release|Any CPU.Build.0 = Release|Any CPU
		{EFB44BF1-7850-44BC-9544-1F47CEDBF7E9}.Debug|Any CPU.ActiveCfg = Debug|Any CPU
		{EFB44BF1-7850-44BC-9544-1F47CEDBF7E9}.Debug|Any CPU.Build.0 = Debug|Any CPU
		{EFB44BF1-7850-44BC-9544-1F47CEDBF7E9}.Release|Any CPU.ActiveCfg = Release|Any CPU
		{EFB44BF1-7850-44BC-9544-1F47CEDBF7E9}.Release|Any CPU.Build.0 = Release|Any CPU
		{BA22EF56-E415-44BF-9D78-6361C2D96DB4}.Debug|Any CPU.ActiveCfg = Debug|Any CPU
		{BA22EF56-E415-44BF-9D78-6361C2D96DB4}.Debug|Any CPU.Build.0 = Debug|Any CPU
		{BA22EF56-E415-44BF-9D78-6361C2D96DB4}.Release|Any CPU.ActiveCfg = Release|Any CPU
		{BA22EF56-E415-44BF-9D78-6361C2D96DB4}.Release|Any CPU.Build.0 = Release|Any CPU
		{9F19ED02-5297-4940-BB37-AAE57C01641E}.Debug|Any CPU.ActiveCfg = Debug|Any CPU
		{9F19ED02-5297-4940-BB37-AAE57C01641E}.Debug|Any CPU.Build.0 = Debug|Any CPU
		{9F19ED02-5297-4940-BB37-AAE57C01641E}.Release|Any CPU.ActiveCfg = Release|Any CPU
		{9F19ED02-5297-4940-BB37-AAE57C01641E}.Release|Any CPU.Build.0 = Release|Any CPU
		{4BCEDB74-CC19-45FF-B180-6684777DFC47}.Debug|Any CPU.ActiveCfg = Debug|Any CPU
		{4BCEDB74-CC19-45FF-B180-6684777DFC47}.Debug|Any CPU.Build.0 = Debug|Any CPU
		{4BCEDB74-CC19-45FF-B180-6684777DFC47}.Release|Any CPU.ActiveCfg = Release|Any CPU
		{4BCEDB74-CC19-45FF-B180-6684777DFC47}.Release|Any CPU.Build.0 = Release|Any CPU
		{7D2C8289-8BBD-4F72-8A4F-519754EA87E3}.Debug|Any CPU.ActiveCfg = Debug|Any CPU
		{7D2C8289-8BBD-4F72-8A4F-519754EA87E3}.Debug|Any CPU.Build.0 = Debug|Any CPU
		{7D2C8289-8BBD-4F72-8A4F-519754EA87E3}.Release|Any CPU.ActiveCfg = Release|Any CPU
		{7D2C8289-8BBD-4F72-8A4F-519754EA87E3}.Release|Any CPU.Build.0 = Release|Any CPU
		{B0F6178E-43CB-4A5A-914D-27DBAC8F8C82}.Debug|Any CPU.ActiveCfg = Debug|Any CPU
		{B0F6178E-43CB-4A5A-914D-27DBAC8F8C82}.Debug|Any CPU.Build.0 = Debug|Any CPU
		{B0F6178E-43CB-4A5A-914D-27DBAC8F8C82}.Release|Any CPU.ActiveCfg = Release|Any CPU
		{B0F6178E-43CB-4A5A-914D-27DBAC8F8C82}.Release|Any CPU.Build.0 = Release|Any CPU
		{CEE1AC41-59BA-413B-837D-44AADD397C39}.Debug|Any CPU.ActiveCfg = Debug|Any CPU
		{CEE1AC41-59BA-413B-837D-44AADD397C39}.Debug|Any CPU.Build.0 = Debug|Any CPU
		{CEE1AC41-59BA-413B-837D-44AADD397C39}.Release|Any CPU.ActiveCfg = Release|Any CPU
		{CEE1AC41-59BA-413B-837D-44AADD397C39}.Release|Any CPU.Build.0 = Release|Any CPU
		{2A610606-7415-4ECB-BBC2-D7A53C7F9359}.Debug|Any CPU.ActiveCfg = Debug|Any CPU
		{2A610606-7415-4ECB-BBC2-D7A53C7F9359}.Debug|Any CPU.Build.0 = Debug|Any CPU
		{2A610606-7415-4ECB-BBC2-D7A53C7F9359}.Release|Any CPU.ActiveCfg = Release|Any CPU
		{2A610606-7415-4ECB-BBC2-D7A53C7F9359}.Release|Any CPU.Build.0 = Release|Any CPU
	EndGlobalSection
	GlobalSection(SolutionProperties) = preSolution
		HideSolutionNode = FALSE
	EndGlobalSection
	GlobalSection(NestedProjects) = preSolution
		{8148F962-6AC5-4C6F-9F4C-C76ECFE0DC17} = {15632104-D058-4B44-920A-7EE53A63BAD7}
		{C5B92CBF-BF6C-4626-9042-C6B15BC9EA81} = {B457C108-EB01-4076-97D4-3FCC831EB4EC}
		{02808DB9-2F68-423F-915D-AE7A8250293C} = {E212D1A9-CA3B-4357-8BE0-ACEC043BB1ED}
		{6B9ADC5F-EF69-4ACC-8C1A-0106F652FD14} = {B457C108-EB01-4076-97D4-3FCC831EB4EC}
		{314364C8-C7F9-401A-8F7E-79B65631BB50} = {B457C108-EB01-4076-97D4-3FCC831EB4EC}
		{AFAC3BE5-4792-481F-93FD-5603B77FA17E} = {B457C108-EB01-4076-97D4-3FCC831EB4EC}
		{1905D6BA-6DFB-4FFF-8D23-CE79BEC51C06} = {B457C108-EB01-4076-97D4-3FCC831EB4EC}
		{91EF8E55-592D-40EC-889F-36F5C0094376} = {AEA66FB8-4142-4D1B-AB3D-2E8E66D8C135}
		{1255E6CD-68FE-44EF-80D9-D640FDDA754B} = {AEA66FB8-4142-4D1B-AB3D-2E8E66D8C135}
		{EFB44BF1-7850-44BC-9544-1F47CEDBF7E9} = {BA344D3B-FC8C-4305-AF0E-5F2C4B0E8217}
		{BA22EF56-E415-44BF-9D78-6361C2D96DB4} = {2C6B8D90-37F3-4E7A-AFAD-58D0A479C96B}
		{9F19ED02-5297-4940-BB37-AAE57C01641E} = {5211AAA3-B96F-4CB1-AE82-8E46965D21BF}
		{4BCEDB74-CC19-45FF-B180-6684777DFC47} = {98728321-3898-49E3-9FB0-8CD95A969C93}
		{7D2C8289-8BBD-4F72-8A4F-519754EA87E3} = {B457C108-EB01-4076-97D4-3FCC831EB4EC}
		{B0F6178E-43CB-4A5A-914D-27DBAC8F8C82} = {3CA1149D-1A01-462D-AB5E-370FD1D73783}
		{CEE1AC41-59BA-413B-837D-44AADD397C39} = {214C6B38-9302-4777-B30C-F5D2D925FA5A}
	EndGlobalSection
	GlobalSection(ExtensibilityGlobals) = postSolution
		SolutionGuid = {AC8F6209-32DD-4423-B30B-B76293B3B0E0}
	EndGlobalSection
EndGlobal
