
Microsoft Visual Studio Solution File, Format Version 12.00
# Visual Studio 15
VisualStudioVersion = 15.0.28010.2050
MinimumVisualStudioVersion = 10.0.40219.1
Project("{2150E333-8FDC-42A3-9474-1A3956D46DE8}") = "Solution Items", "Solution Items", "{DADDC23A-52D6-4839-BC91-07D30AA056E3}"
	ProjectSection(SolutionItems) = preProject
		readme.md = readme.md
	EndProjectSection
EndProject
Project("{2150E333-8FDC-42A3-9474-1A3956D46DE8}") = "StringBasics", "StringBasics", "{15632104-D058-4B44-920A-7EE53A63BAD7}"
EndProject
Project("{FAE04EC0-301F-11D3-BF4B-00C04F79EFBC}") = "WorkingWithStrings_1", "WorkingWithStrings_1\WorkingWithStrings_1.csproj", "{8148F962-6AC5-4C6F-9F4C-C76ECFE0DC17}"
EndProject
Project("{2150E333-8FDC-42A3-9474-1A3956D46DE8}") = "NumericBasics", "NumericBasics", "{98728321-3898-49E3-9FB0-8CD95A969C93}"
EndProject
Project("{2150E333-8FDC-42A3-9474-1A3956D46DE8}") = "Documentation", "Documentation", "{D11619EC-E4BE-44A6-88C2-DB2AA8EB3668}"
	ProjectSection(SolutionItems) = preProject
		LessonsDocumentation\StringType\Strings.md = LessonsDocumentation\StringType\Strings.md
		VisualStudioShortcuts.md = VisualStudioShortcuts.md
	EndProjectSection
EndProject
Project("{2150E333-8FDC-42A3-9474-1A3956D46DE8}") = "VisualStudioDocumentation", "VisualStudioDocumentation", "{C083E90C-A69D-4A80-96B0-AAE3E1A8EF06}"
	ProjectSection(SolutionItems) = preProject
		VisualStudio\VisualStudioShortcuts.md = VisualStudio\VisualStudioShortcuts.md
	EndProjectSection
EndProject
Global
	GlobalSection(SolutionConfigurationPlatforms) = preSolution
		Debug|Any CPU = Debug|Any CPU
		Release|Any CPU = Release|Any CPU
	EndGlobalSection
	GlobalSection(ProjectConfigurationPlatforms) = postSolution
		{8148F962-6AC5-4C6F-9F4C-C76ECFE0DC17}.Debug|Any CPU.ActiveCfg = Debug|Any CPU
		{8148F962-6AC5-4C6F-9F4C-C76ECFE0DC17}.Debug|Any CPU.Build.0 = Debug|Any CPU
		{8148F962-6AC5-4C6F-9F4C-C76ECFE0DC17}.Release|Any CPU.ActiveCfg = Release|Any CPU
		{8148F962-6AC5-4C6F-9F4C-C76ECFE0DC17}.Release|Any CPU.Build.0 = Release|Any CPU
	EndGlobalSection
	GlobalSection(SolutionProperties) = preSolution
		HideSolutionNode = FALSE
	EndGlobalSection
	GlobalSection(NestedProjects) = preSolution
		{8148F962-6AC5-4C6F-9F4C-C76ECFE0DC17} = {15632104-D058-4B44-920A-7EE53A63BAD7}
	EndGlobalSection
	GlobalSection(ExtensibilityGlobals) = postSolution
		SolutionGuid = {AC8F6209-32DD-4423-B30B-B76293B3B0E0}
	EndGlobalSection
EndGlobal
